// !$*UTF8*$!
{
	archiveVersion = 1;
	classes = {
	};
	objectVersion = 56;
	objects = {

/* Begin PBXBuildFile section */
		810E21BE2AC2FFBA00E950E7 /* Nano_3App.swift in Sources */ = {isa = PBXBuildFile; fileRef = 810E21BD2AC2FFBA00E950E7 /* Nano_3App.swift */; };
		810E21C22AC2FFBB00E950E7 /* Assets.xcassets in Resources */ = {isa = PBXBuildFile; fileRef = 810E21C12AC2FFBB00E950E7 /* Assets.xcassets */; };
		810E21C52AC2FFBB00E950E7 /* Preview Assets.xcassets in Resources */ = {isa = PBXBuildFile; fileRef = 810E21C42AC2FFBB00E950E7 /* Preview Assets.xcassets */; };
		810E21CC2AC2FFD400E950E7 /* Place.swift in Sources */ = {isa = PBXBuildFile; fileRef = 810E21CB2AC2FFD400E950E7 /* Place.swift */; };
		810E21D02AC308C000E950E7 /* PlacesList.swift in Sources */ = {isa = PBXBuildFile; fileRef = 810E21CF2AC308C000E950E7 /* PlacesList.swift */; };
		810E21D22AC30A4100E950E7 /* PlacesManager.swift in Sources */ = {isa = PBXBuildFile; fileRef = 810E21D12AC30A4100E950E7 /* PlacesManager.swift */; };
		810E21D42AC311FA00E950E7 /* places.json in Resources */ = {isa = PBXBuildFile; fileRef = 810E21D32AC30F8F00E950E7 /* places.json */; };
		810E21D62AC3158E00E950E7 /* PlacesListItem.swift in Sources */ = {isa = PBXBuildFile; fileRef = 810E21D52AC3158E00E950E7 /* PlacesListItem.swift */; };
		810E21D82AC31C4200E950E7 /* HomeView.swift in Sources */ = {isa = PBXBuildFile; fileRef = 810E21D72AC31C4200E950E7 /* HomeView.swift */; };
		810E21DA2AC320A700E950E7 /* DetailedPlaceView.swift in Sources */ = {isa = PBXBuildFile; fileRef = 810E21D92AC320A700E950E7 /* DetailedPlaceView.swift */; };
		810E21DC2AC32BC400E950E7 /* LocationManager.swift in Sources */ = {isa = PBXBuildFile; fileRef = 810E21DB2AC32BC400E950E7 /* LocationManager.swift */; };
		814B889F2ACA58AB002976A5 /* WidgetKit.framework in Frameworks */ = {isa = PBXBuildFile; fileRef = 812432F32AC5A2A900F61EE6 /* WidgetKit.framework */; };
		814B88A02ACA58AB002976A5 /* SwiftUI.framework in Frameworks */ = {isa = PBXBuildFile; fileRef = 812432F52AC5A2A900F61EE6 /* SwiftUI.framework */; };
		814B88A32ACA58AB002976A5 /* LocationWidgetBundle.swift in Sources */ = {isa = PBXBuildFile; fileRef = 814B88A22ACA58AB002976A5 /* LocationWidgetBundle.swift */; };
		814B88A52ACA58AB002976A5 /* LocationWidget.swift in Sources */ = {isa = PBXBuildFile; fileRef = 814B88A42ACA58AB002976A5 /* LocationWidget.swift */; };
		814B88A72ACA58AC002976A5 /* Assets.xcassets in Resources */ = {isa = PBXBuildFile; fileRef = 814B88A62ACA58AC002976A5 /* Assets.xcassets */; };
		814B88AB2ACA58AC002976A5 /* LocationWidgetExtension.appex in Embed Foundation Extensions */ = {isa = PBXBuildFile; fileRef = 814B889E2ACA58AB002976A5 /* LocationWidgetExtension.appex */; settings = {ATTRIBUTES = (RemoveHeadersOnCopy, ); }; };
		814B88AF2ACA5992002976A5 /* Place.swift in Sources */ = {isa = PBXBuildFile; fileRef = 810E21CB2AC2FFD400E950E7 /* Place.swift */; };
		814B88B22ACA60BA002976A5 /* Assets.xcassets in Resources */ = {isa = PBXBuildFile; fileRef = 810E21C12AC2FFBB00E950E7 /* Assets.xcassets */; };
		814B88B32ACA6385002976A5 /* LocationManager.swift in Sources */ = {isa = PBXBuildFile; fileRef = 810E21DB2AC32BC400E950E7 /* LocationManager.swift */; };
/* End PBXBuildFile section */

/* Begin PBXContainerItemProxy section */
		814B88A92ACA58AC002976A5 /* PBXContainerItemProxy */ = {
			isa = PBXContainerItemProxy;
			containerPortal = 810E21B22AC2FFBA00E950E7 /* Project object */;
			proxyType = 1;
			remoteGlobalIDString = 814B889D2ACA58AB002976A5;
			remoteInfo = LocationWidgetExtension;
		};
/* End PBXContainerItemProxy section */

/* Begin PBXCopyFilesBuildPhase section */
		812433022AC5A2AA00F61EE6 /* Embed Foundation Extensions */ = {
			isa = PBXCopyFilesBuildPhase;
			buildActionMask = 2147483647;
			dstPath = "";
			dstSubfolderSpec = 13;
			files = (
				814B88AB2ACA58AC002976A5 /* LocationWidgetExtension.appex in Embed Foundation Extensions */,
			);
			name = "Embed Foundation Extensions";
			runOnlyForDeploymentPostprocessing = 0;
		};
/* End PBXCopyFilesBuildPhase section */

/* Begin PBXFileReference section */
		810E21BA2AC2FFBA00E950E7 /* Nano 3.app */ = {isa = PBXFileReference; explicitFileType = wrapper.application; includeInIndex = 0; path = "Nano 3.app"; sourceTree = BUILT_PRODUCTS_DIR; };
		810E21BD2AC2FFBA00E950E7 /* Nano_3App.swift */ = {isa = PBXFileReference; lastKnownFileType = sourcecode.swift; path = Nano_3App.swift; sourceTree = "<group>"; };
		810E21C12AC2FFBB00E950E7 /* Assets.xcassets */ = {isa = PBXFileReference; lastKnownFileType = folder.assetcatalog; path = Assets.xcassets; sourceTree = "<group>"; };
		810E21C42AC2FFBB00E950E7 /* Preview Assets.xcassets */ = {isa = PBXFileReference; lastKnownFileType = folder.assetcatalog; path = "Preview Assets.xcassets"; sourceTree = "<group>"; };
		810E21CB2AC2FFD400E950E7 /* Place.swift */ = {isa = PBXFileReference; lastKnownFileType = sourcecode.swift; path = Place.swift; sourceTree = "<group>"; };
		810E21CF2AC308C000E950E7 /* PlacesList.swift */ = {isa = PBXFileReference; lastKnownFileType = sourcecode.swift; path = PlacesList.swift; sourceTree = "<group>"; };
		810E21D12AC30A4100E950E7 /* PlacesManager.swift */ = {isa = PBXFileReference; lastKnownFileType = sourcecode.swift; path = PlacesManager.swift; sourceTree = "<group>"; };
		810E21D32AC30F8F00E950E7 /* places.json */ = {isa = PBXFileReference; lastKnownFileType = text.json; path = places.json; sourceTree = "<group>"; };
		810E21D52AC3158E00E950E7 /* PlacesListItem.swift */ = {isa = PBXFileReference; lastKnownFileType = sourcecode.swift; path = PlacesListItem.swift; sourceTree = "<group>"; };
		810E21D72AC31C4200E950E7 /* HomeView.swift */ = {isa = PBXFileReference; lastKnownFileType = sourcecode.swift; path = HomeView.swift; sourceTree = "<group>"; };
		810E21D92AC320A700E950E7 /* DetailedPlaceView.swift */ = {isa = PBXFileReference; lastKnownFileType = sourcecode.swift; path = DetailedPlaceView.swift; sourceTree = "<group>"; };
		810E21DB2AC32BC400E950E7 /* LocationManager.swift */ = {isa = PBXFileReference; lastKnownFileType = sourcecode.swift; path = LocationManager.swift; sourceTree = "<group>"; };
		812432F32AC5A2A900F61EE6 /* WidgetKit.framework */ = {isa = PBXFileReference; lastKnownFileType = wrapper.framework; name = WidgetKit.framework; path = System/Library/Frameworks/WidgetKit.framework; sourceTree = SDKROOT; };
		812432F52AC5A2A900F61EE6 /* SwiftUI.framework */ = {isa = PBXFileReference; lastKnownFileType = wrapper.framework; name = SwiftUI.framework; path = System/Library/Frameworks/SwiftUI.framework; sourceTree = SDKROOT; };
		8124330C2AC5BBE400F61EE6 /* Nano-3-Info.plist */ = {isa = PBXFileReference; lastKnownFileType = text.plist; path = "Nano-3-Info.plist"; sourceTree = SOURCE_ROOT; };
		814B889E2ACA58AB002976A5 /* LocationWidgetExtension.appex */ = {isa = PBXFileReference; explicitFileType = "wrapper.app-extension"; includeInIndex = 0; path = LocationWidgetExtension.appex; sourceTree = BUILT_PRODUCTS_DIR; };
		814B88A22ACA58AB002976A5 /* LocationWidgetBundle.swift */ = {isa = PBXFileReference; lastKnownFileType = sourcecode.swift; path = LocationWidgetBundle.swift; sourceTree = "<group>"; };
		814B88A42ACA58AB002976A5 /* LocationWidget.swift */ = {isa = PBXFileReference; lastKnownFileType = sourcecode.swift; path = LocationWidget.swift; sourceTree = "<group>"; };
		814B88A62ACA58AC002976A5 /* Assets.xcassets */ = {isa = PBXFileReference; lastKnownFileType = folder.assetcatalog; path = Assets.xcassets; sourceTree = "<group>"; };
		814B88A82ACA58AC002976A5 /* Info.plist */ = {isa = PBXFileReference; lastKnownFileType = text.plist.xml; path = Info.plist; sourceTree = "<group>"; };
		814B88B02ACA5CE6002976A5 /* LocationWidgetExtension.entitlements */ = {isa = PBXFileReference; lastKnownFileType = text.plist.entitlements; path = LocationWidgetExtension.entitlements; sourceTree = "<group>"; };
		814B88B12ACA6034002976A5 /* Nano 3.entitlements */ = {isa = PBXFileReference; lastKnownFileType = text.plist.entitlements; path = "Nano 3.entitlements"; sourceTree = "<group>"; };
/* End PBXFileReference section */

/* Begin PBXFrameworksBuildPhase section */
		810E21B72AC2FFBA00E950E7 /* Frameworks */ = {
			isa = PBXFrameworksBuildPhase;
			buildActionMask = 2147483647;
			files = (
			);
			runOnlyForDeploymentPostprocessing = 0;
		};
		814B889B2ACA58AB002976A5 /* Frameworks */ = {
			isa = PBXFrameworksBuildPhase;
			buildActionMask = 2147483647;
			files = (
				814B88A02ACA58AB002976A5 /* SwiftUI.framework in Frameworks */,
				814B889F2ACA58AB002976A5 /* WidgetKit.framework in Frameworks */,
			);
			runOnlyForDeploymentPostprocessing = 0;
		};
/* End PBXFrameworksBuildPhase section */

/* Begin PBXGroup section */
		810E21B12AC2FFBA00E950E7 = {
			isa = PBXGroup;
			children = (
				814B88B02ACA5CE6002976A5 /* LocationWidgetExtension.entitlements */,
				810E21BC2AC2FFBA00E950E7 /* Nano 3 */,
				814B88A12ACA58AB002976A5 /* LocationWidget */,
				812432F22AC5A2A900F61EE6 /* Frameworks */,
				810E21BB2AC2FFBA00E950E7 /* Products */,
			);
			sourceTree = "<group>";
		};
		810E21BB2AC2FFBA00E950E7 /* Products */ = {
			isa = PBXGroup;
			children = (
				810E21BA2AC2FFBA00E950E7 /* Nano 3.app */,
				814B889E2ACA58AB002976A5 /* LocationWidgetExtension.appex */,
			);
			name = Products;
			sourceTree = "<group>";
		};
		810E21BC2AC2FFBA00E950E7 /* Nano 3 */ = {
			isa = PBXGroup;
			children = (
				814B88B12ACA6034002976A5 /* Nano 3.entitlements */,
				8124330C2AC5BBE400F61EE6 /* Nano-3-Info.plist */,
				810E21BD2AC2FFBA00E950E7 /* Nano_3App.swift */,
				810E21C12AC2FFBB00E950E7 /* Assets.xcassets */,
				810E21CB2AC2FFD400E950E7 /* Place.swift */,
				810E21CF2AC308C000E950E7 /* PlacesList.swift */,
				810E21D52AC3158E00E950E7 /* PlacesListItem.swift */,
				810E21D72AC31C4200E950E7 /* HomeView.swift */,
				810E21D92AC320A700E950E7 /* DetailedPlaceView.swift */,
				810E21D12AC30A4100E950E7 /* PlacesManager.swift */,
				810E21D32AC30F8F00E950E7 /* places.json */,
				810E21DB2AC32BC400E950E7 /* LocationManager.swift */,
				810E21C32AC2FFBB00E950E7 /* Preview Content */,
			);
			path = "Nano 3";
			sourceTree = "<group>";
		};
		810E21C32AC2FFBB00E950E7 /* Preview Content */ = {
			isa = PBXGroup;
			children = (
				810E21C42AC2FFBB00E950E7 /* Preview Assets.xcassets */,
			);
			path = "Preview Content";
			sourceTree = "<group>";
		};
		812432F22AC5A2A900F61EE6 /* Frameworks */ = {
			isa = PBXGroup;
			children = (
				812432F32AC5A2A900F61EE6 /* WidgetKit.framework */,
				812432F52AC5A2A900F61EE6 /* SwiftUI.framework */,
			);
			name = Frameworks;
			sourceTree = "<group>";
		};
		814B88A12ACA58AB002976A5 /* LocationWidget */ = {
			isa = PBXGroup;
			children = (
				814B88A22ACA58AB002976A5 /* LocationWidgetBundle.swift */,
				814B88A42ACA58AB002976A5 /* LocationWidget.swift */,
				814B88A62ACA58AC002976A5 /* Assets.xcassets */,
				814B88A82ACA58AC002976A5 /* Info.plist */,
			);
			path = LocationWidget;
			sourceTree = "<group>";
		};
/* End PBXGroup section */

/* Begin PBXNativeTarget section */
		810E21B92AC2FFBA00E950E7 /* Nano 3 */ = {
			isa = PBXNativeTarget;
			buildConfigurationList = 810E21C82AC2FFBB00E950E7 /* Build configuration list for PBXNativeTarget "Nano 3" */;
			buildPhases = (
				810E21B62AC2FFBA00E950E7 /* Sources */,
				810E21B72AC2FFBA00E950E7 /* Frameworks */,
				810E21B82AC2FFBA00E950E7 /* Resources */,
				812433022AC5A2AA00F61EE6 /* Embed Foundation Extensions */,
			);
			buildRules = (
			);
			dependencies = (
				814B88AA2ACA58AC002976A5 /* PBXTargetDependency */,
			);
			name = "Nano 3";
			productName = "Nano 3";
			productReference = 810E21BA2AC2FFBA00E950E7 /* Nano 3.app */;
			productType = "com.apple.product-type.application";
		};
		814B889D2ACA58AB002976A5 /* LocationWidgetExtension */ = {
			isa = PBXNativeTarget;
			buildConfigurationList = 814B88AE2ACA58AC002976A5 /* Build configuration list for PBXNativeTarget "LocationWidgetExtension" */;
			buildPhases = (
				814B889A2ACA58AB002976A5 /* Sources */,
				814B889B2ACA58AB002976A5 /* Frameworks */,
				814B889C2ACA58AB002976A5 /* Resources */,
			);
			buildRules = (
			);
			dependencies = (
			);
			name = LocationWidgetExtension;
			productName = LocationWidgetExtension;
			productReference = 814B889E2ACA58AB002976A5 /* LocationWidgetExtension.appex */;
			productType = "com.apple.product-type.app-extension";
		};
/* End PBXNativeTarget section */

/* Begin PBXProject section */
		810E21B22AC2FFBA00E950E7 /* Project object */ = {
			isa = PBXProject;
			attributes = {
				BuildIndependentTargetsInParallel = 1;
				LastSwiftUpdateCheck = 1500;
				LastUpgradeCheck = 1500;
				TargetAttributes = {
					810E21B92AC2FFBA00E950E7 = {
						CreatedOnToolsVersion = 15.0;
					};
					814B889D2ACA58AB002976A5 = {
						CreatedOnToolsVersion = 15.0;
					};
				};
			};
			buildConfigurationList = 810E21B52AC2FFBA00E950E7 /* Build configuration list for PBXProject "Nano 3" */;
			compatibilityVersion = "Xcode 14.0";
			developmentRegion = "pt-BR";
			hasScannedForEncodings = 0;
			knownRegions = (
				Base,
				"pt-BR",
			);
			mainGroup = 810E21B12AC2FFBA00E950E7;
			productRefGroup = 810E21BB2AC2FFBA00E950E7 /* Products */;
			projectDirPath = "";
			projectRoot = "";
			targets = (
				810E21B92AC2FFBA00E950E7 /* Nano 3 */,
				814B889D2ACA58AB002976A5 /* LocationWidgetExtension */,
			);
		};
/* End PBXProject section */

/* Begin PBXResourcesBuildPhase section */
		810E21B82AC2FFBA00E950E7 /* Resources */ = {
			isa = PBXResourcesBuildPhase;
			buildActionMask = 2147483647;
			files = (
				810E21D42AC311FA00E950E7 /* places.json in Resources */,
				810E21C52AC2FFBB00E950E7 /* Preview Assets.xcassets in Resources */,
				810E21C22AC2FFBB00E950E7 /* Assets.xcassets in Resources */,
			);
			runOnlyForDeploymentPostprocessing = 0;
		};
		814B889C2ACA58AB002976A5 /* Resources */ = {
			isa = PBXResourcesBuildPhase;
			buildActionMask = 2147483647;
			files = (
				814B88B22ACA60BA002976A5 /* Assets.xcassets in Resources */,
				814B88A72ACA58AC002976A5 /* Assets.xcassets in Resources */,
			);
			runOnlyForDeploymentPostprocessing = 0;
		};
/* End PBXResourcesBuildPhase section */

/* Begin PBXSourcesBuildPhase section */
		810E21B62AC2FFBA00E950E7 /* Sources */ = {
			isa = PBXSourcesBuildPhase;
			buildActionMask = 2147483647;
			files = (
				810E21D62AC3158E00E950E7 /* PlacesListItem.swift in Sources */,
				810E21D82AC31C4200E950E7 /* HomeView.swift in Sources */,
				810E21D22AC30A4100E950E7 /* PlacesManager.swift in Sources */,
				810E21CC2AC2FFD400E950E7 /* Place.swift in Sources */,
				810E21DC2AC32BC400E950E7 /* LocationManager.swift in Sources */,
				810E21BE2AC2FFBA00E950E7 /* Nano_3App.swift in Sources */,
				810E21DA2AC320A700E950E7 /* DetailedPlaceView.swift in Sources */,
				810E21D02AC308C000E950E7 /* PlacesList.swift in Sources */,
			);
			runOnlyForDeploymentPostprocessing = 0;
		};
		814B889A2ACA58AB002976A5 /* Sources */ = {
			isa = PBXSourcesBuildPhase;
			buildActionMask = 2147483647;
			files = (
				814B88B32ACA6385002976A5 /* LocationManager.swift in Sources */,
				814B88AF2ACA5992002976A5 /* Place.swift in Sources */,
				814B88A52ACA58AB002976A5 /* LocationWidget.swift in Sources */,
				814B88A32ACA58AB002976A5 /* LocationWidgetBundle.swift in Sources */,
			);
			runOnlyForDeploymentPostprocessing = 0;
		};
/* End PBXSourcesBuildPhase section */

/* Begin PBXTargetDependency section */
		814B88AA2ACA58AC002976A5 /* PBXTargetDependency */ = {
			isa = PBXTargetDependency;
			target = 814B889D2ACA58AB002976A5 /* LocationWidgetExtension */;
			targetProxy = 814B88A92ACA58AC002976A5 /* PBXContainerItemProxy */;
		};
/* End PBXTargetDependency section */

/* Begin XCBuildConfiguration section */
		810E21C62AC2FFBB00E950E7 /* Debug */ = {
			isa = XCBuildConfiguration;
			buildSettings = {
				ALWAYS_SEARCH_USER_PATHS = NO;
				ASSETCATALOG_COMPILER_GENERATE_SWIFT_ASSET_SYMBOL_EXTENSIONS = YES;
				CLANG_ANALYZER_NONNULL = YES;
				CLANG_ANALYZER_NUMBER_OBJECT_CONVERSION = YES_AGGRESSIVE;
				CLANG_CXX_LANGUAGE_STANDARD = "gnu++20";
				CLANG_ENABLE_MODULES = YES;
				CLANG_ENABLE_OBJC_ARC = YES;
				CLANG_ENABLE_OBJC_WEAK = YES;
				CLANG_WARN_BLOCK_CAPTURE_AUTORELEASING = YES;
				CLANG_WARN_BOOL_CONVERSION = YES;
				CLANG_WARN_COMMA = YES;
				CLANG_WARN_CONSTANT_CONVERSION = YES;
				CLANG_WARN_DEPRECATED_OBJC_IMPLEMENTATIONS = YES;
				CLANG_WARN_DIRECT_OBJC_ISA_USAGE = YES_ERROR;
				CLANG_WARN_DOCUMENTATION_COMMENTS = YES;
				CLANG_WARN_EMPTY_BODY = YES;
				CLANG_WARN_ENUM_CONVERSION = YES;
				CLANG_WARN_INFINITE_RECURSION = YES;
				CLANG_WARN_INT_CONVERSION = YES;
				CLANG_WARN_NON_LITERAL_NULL_CONVERSION = YES;
				CLANG_WARN_OBJC_IMPLICIT_RETAIN_SELF = YES;
				CLANG_WARN_OBJC_LITERAL_CONVERSION = YES;
				CLANG_WARN_OBJC_ROOT_CLASS = YES_ERROR;
				CLANG_WARN_QUOTED_INCLUDE_IN_FRAMEWORK_HEADER = YES;
				CLANG_WARN_RANGE_LOOP_ANALYSIS = YES;
				CLANG_WARN_STRICT_PROTOTYPES = YES;
				CLANG_WARN_SUSPICIOUS_MOVE = YES;
				CLANG_WARN_UNGUARDED_AVAILABILITY = YES_AGGRESSIVE;
				CLANG_WARN_UNREACHABLE_CODE = YES;
				CLANG_WARN__DUPLICATE_METHOD_MATCH = YES;
				COPY_PHASE_STRIP = NO;
				DEBUG_INFORMATION_FORMAT = dwarf;
				ENABLE_STRICT_OBJC_MSGSEND = YES;
				ENABLE_TESTABILITY = YES;
				ENABLE_USER_SCRIPT_SANDBOXING = YES;
				GCC_C_LANGUAGE_STANDARD = gnu17;
				GCC_DYNAMIC_NO_PIC = NO;
				GCC_NO_COMMON_BLOCKS = YES;
				GCC_OPTIMIZATION_LEVEL = 0;
				GCC_PREPROCESSOR_DEFINITIONS = (
					"DEBUG=1",
					"$(inherited)",
				);
				GCC_WARN_64_TO_32_BIT_CONVERSION = YES;
				GCC_WARN_ABOUT_RETURN_TYPE = YES_ERROR;
				GCC_WARN_UNDECLARED_SELECTOR = YES;
				GCC_WARN_UNINITIALIZED_AUTOS = YES_AGGRESSIVE;
				GCC_WARN_UNUSED_FUNCTION = YES;
				GCC_WARN_UNUSED_VARIABLE = YES;
				IPHONEOS_DEPLOYMENT_TARGET = 17.0;
				LOCALIZATION_PREFERS_STRING_CATALOGS = YES;
				MTL_ENABLE_DEBUG_INFO = INCLUDE_SOURCE;
				MTL_FAST_MATH = YES;
				ONLY_ACTIVE_ARCH = YES;
				SDKROOT = iphoneos;
				SWIFT_ACTIVE_COMPILATION_CONDITIONS = "DEBUG $(inherited)";
				SWIFT_OPTIMIZATION_LEVEL = "-Onone";
			};
			name = Debug;
		};
		810E21C72AC2FFBB00E950E7 /* Release */ = {
			isa = XCBuildConfiguration;
			buildSettings = {
				ALWAYS_SEARCH_USER_PATHS = NO;
				ASSETCATALOG_COMPILER_GENERATE_SWIFT_ASSET_SYMBOL_EXTENSIONS = YES;
				CLANG_ANALYZER_NONNULL = YES;
				CLANG_ANALYZER_NUMBER_OBJECT_CONVERSION = YES_AGGRESSIVE;
				CLANG_CXX_LANGUAGE_STANDARD = "gnu++20";
				CLANG_ENABLE_MODULES = YES;
				CLANG_ENABLE_OBJC_ARC = YES;
				CLANG_ENABLE_OBJC_WEAK = YES;
				CLANG_WARN_BLOCK_CAPTURE_AUTORELEASING = YES;
				CLANG_WARN_BOOL_CONVERSION = YES;
				CLANG_WARN_COMMA = YES;
				CLANG_WARN_CONSTANT_CONVERSION = YES;
				CLANG_WARN_DEPRECATED_OBJC_IMPLEMENTATIONS = YES;
				CLANG_WARN_DIRECT_OBJC_ISA_USAGE = YES_ERROR;
				CLANG_WARN_DOCUMENTATION_COMMENTS = YES;
				CLANG_WARN_EMPTY_BODY = YES;
				CLANG_WARN_ENUM_CONVERSION = YES;
				CLANG_WARN_INFINITE_RECURSION = YES;
				CLANG_WARN_INT_CONVERSION = YES;
				CLANG_WARN_NON_LITERAL_NULL_CONVERSION = YES;
				CLANG_WARN_OBJC_IMPLICIT_RETAIN_SELF = YES;
				CLANG_WARN_OBJC_LITERAL_CONVERSION = YES;
				CLANG_WARN_OBJC_ROOT_CLASS = YES_ERROR;
				CLANG_WARN_QUOTED_INCLUDE_IN_FRAMEWORK_HEADER = YES;
				CLANG_WARN_RANGE_LOOP_ANALYSIS = YES;
				CLANG_WARN_STRICT_PROTOTYPES = YES;
				CLANG_WARN_SUSPICIOUS_MOVE = YES;
				CLANG_WARN_UNGUARDED_AVAILABILITY = YES_AGGRESSIVE;
				CLANG_WARN_UNREACHABLE_CODE = YES;
				CLANG_WARN__DUPLICATE_METHOD_MATCH = YES;
				COPY_PHASE_STRIP = NO;
				DEBUG_INFORMATION_FORMAT = "dwarf-with-dsym";
				ENABLE_NS_ASSERTIONS = NO;
				ENABLE_STRICT_OBJC_MSGSEND = YES;
				ENABLE_USER_SCRIPT_SANDBOXING = YES;
				GCC_C_LANGUAGE_STANDARD = gnu17;
				GCC_NO_COMMON_BLOCKS = YES;
				GCC_WARN_64_TO_32_BIT_CONVERSION = YES;
				GCC_WARN_ABOUT_RETURN_TYPE = YES_ERROR;
				GCC_WARN_UNDECLARED_SELECTOR = YES;
				GCC_WARN_UNINITIALIZED_AUTOS = YES_AGGRESSIVE;
				GCC_WARN_UNUSED_FUNCTION = YES;
				GCC_WARN_UNUSED_VARIABLE = YES;
				IPHONEOS_DEPLOYMENT_TARGET = 17.0;
				LOCALIZATION_PREFERS_STRING_CATALOGS = YES;
				MTL_ENABLE_DEBUG_INFO = NO;
				MTL_FAST_MATH = YES;
				SDKROOT = iphoneos;
				SWIFT_COMPILATION_MODE = wholemodule;
				VALIDATE_PRODUCT = YES;
			};
			name = Release;
		};
		810E21C92AC2FFBB00E950E7 /* Debug */ = {
			isa = XCBuildConfiguration;
			buildSettings = {
				ALWAYS_EMBED_SWIFT_STANDARD_LIBRARIES = YES;
				ASSETCATALOG_COMPILER_APPICON_NAME = AppIcon;
				ASSETCATALOG_COMPILER_GLOBAL_ACCENT_COLOR_NAME = AccentColor;
				CODE_SIGN_ENTITLEMENTS = "Nano 3/Nano 3.entitlements";
				CODE_SIGN_STYLE = Automatic;
				CURRENT_PROJECT_VERSION = 1;
				DEVELOPMENT_ASSET_PATHS = "\"Nano 3/Preview Content\"";
				DEVELOPMENT_TEAM = Q379URF792;
				ENABLE_PREVIEWS = YES;
				GENERATE_INFOPLIST_FILE = YES;
				INFOPLIST_FILE = "Nano-3-Info.plist";
				INFOPLIST_KEY_NSLocationAlwaysAndWhenInUseUsageDescription = "always and when in use";
				INFOPLIST_KEY_NSLocationAlwaysUsageDescription = always;
				INFOPLIST_KEY_NSLocationWhenInUseUsageDescription = "When in use";
				INFOPLIST_KEY_UIApplicationSceneManifest_Generation = YES;
				INFOPLIST_KEY_UIApplicationSupportsIndirectInputEvents = YES;
				INFOPLIST_KEY_UILaunchScreen_Generation = YES;
				INFOPLIST_KEY_UISupportedInterfaceOrientations_iPad = "UIInterfaceOrientationPortrait UIInterfaceOrientationPortraitUpsideDown UIInterfaceOrientationLandscapeLeft UIInterfaceOrientationLandscapeRight";
				INFOPLIST_KEY_UISupportedInterfaceOrientations_iPhone = "UIInterfaceOrientationPortrait UIInterfaceOrientationLandscapeLeft UIInterfaceOrientationLandscapeRight";
				LD_RUNPATH_SEARCH_PATHS = (
					"$(inherited)",
					"@executable_path/Frameworks",
				);
				MARKETING_VERSION = 1.0;
				PRODUCT_BUNDLE_IDENTIFIER = "com.example.Nano-3";
				PRODUCT_NAME = "$(TARGET_NAME)";
				SWIFT_EMIT_LOC_STRINGS = YES;
				SWIFT_VERSION = 5.0;
				TARGETED_DEVICE_FAMILY = "1,2";
			};
			name = Debug;
		};
		810E21CA2AC2FFBB00E950E7 /* Release */ = {
			isa = XCBuildConfiguration;
			buildSettings = {
				ALWAYS_EMBED_SWIFT_STANDARD_LIBRARIES = YES;
				ASSETCATALOG_COMPILER_APPICON_NAME = AppIcon;
				ASSETCATALOG_COMPILER_GLOBAL_ACCENT_COLOR_NAME = AccentColor;
				CODE_SIGN_ENTITLEMENTS = "Nano 3/Nano 3.entitlements";
				CODE_SIGN_STYLE = Automatic;
				CURRENT_PROJECT_VERSION = 1;
				DEVELOPMENT_ASSET_PATHS = "\"Nano 3/Preview Content\"";
				DEVELOPMENT_TEAM = Q379URF792;
				ENABLE_PREVIEWS = YES;
				GENERATE_INFOPLIST_FILE = YES;
				INFOPLIST_FILE = "Nano-3-Info.plist";
				INFOPLIST_KEY_NSLocationAlwaysAndWhenInUseUsageDescription = "always and when in use";
				INFOPLIST_KEY_NSLocationAlwaysUsageDescription = always;
				INFOPLIST_KEY_NSLocationWhenInUseUsageDescription = "When in use";
				INFOPLIST_KEY_UIApplicationSceneManifest_Generation = YES;
				INFOPLIST_KEY_UIApplicationSupportsIndirectInputEvents = YES;
				INFOPLIST_KEY_UILaunchScreen_Generation = YES;
				INFOPLIST_KEY_UISupportedInterfaceOrientations_iPad = "UIInterfaceOrientationPortrait UIInterfaceOrientationPortraitUpsideDown UIInterfaceOrientationLandscapeLeft UIInterfaceOrientationLandscapeRight";
				INFOPLIST_KEY_UISupportedInterfaceOrientations_iPhone = "UIInterfaceOrientationPortrait UIInterfaceOrientationLandscapeLeft UIInterfaceOrientationLandscapeRight";
				LD_RUNPATH_SEARCH_PATHS = (
					"$(inherited)",
					"@executable_path/Frameworks",
				);
				MARKETING_VERSION = 1.0;
				PRODUCT_BUNDLE_IDENTIFIER = "com.example.Nano-3";
				PRODUCT_NAME = "$(TARGET_NAME)";
				SWIFT_EMIT_LOC_STRINGS = YES;
				SWIFT_VERSION = 5.0;
				TARGETED_DEVICE_FAMILY = "1,2";
			};
			name = Release;
		};
		814B88AC2ACA58AC002976A5 /* Debug */ = {
			isa = XCBuildConfiguration;
			buildSettings = {
				ASSETCATALOG_COMPILER_GLOBAL_ACCENT_COLOR_NAME = AccentColor;
				ASSETCATALOG_COMPILER_WIDGET_BACKGROUND_COLOR_NAME = WidgetBackground;
				CODE_SIGN_ENTITLEMENTS = LocationWidgetExtension.entitlements;
				CODE_SIGN_STYLE = Automatic;
				CURRENT_PROJECT_VERSION = 1;
				DEVELOPMENT_TEAM = Q379URF792;
				GENERATE_INFOPLIST_FILE = YES;
				INFOPLIST_FILE = LocationWidget/Info.plist;
				INFOPLIST_KEY_CFBundleDisplayName = LocationWidget;
				INFOPLIST_KEY_NSHumanReadableCopyright = "";
				LD_RUNPATH_SEARCH_PATHS = (
					"$(inherited)",
					"@executable_path/Frameworks",
					"@executable_path/../../Frameworks",
				);
				MARKETING_VERSION = 1.0;
				PRODUCT_BUNDLE_IDENTIFIER = "com.example.Nano-3.LocationWidget";
				PRODUCT_NAME = "$(TARGET_NAME)";
				SKIP_INSTALL = YES;
				SWIFT_EMIT_LOC_STRINGS = YES;
				SWIFT_VERSION = 5.0;
				TARGETED_DEVICE_FAMILY = "1,2";
			};
			name = Debug;
		};
		814B88AD2ACA58AC002976A5 /* Release */ = {
			isa = XCBuildConfiguration;
			buildSettings = {
				ASSETCATALOG_COMPILER_GLOBAL_ACCENT_COLOR_NAME = AccentColor;
				ASSETCATALOG_COMPILER_WIDGET_BACKGROUND_COLOR_NAME = WidgetBackground;
				CODE_SIGN_ENTITLEMENTS = LocationWidgetExtension.entitlements;
				CODE_SIGN_STYLE = Automatic;
				CURRENT_PROJECT_VERSION = 1;
				DEVELOPMENT_TEAM = Q379URF792;
				GENERATE_INFOPLIST_FILE = YES;
				INFOPLIST_FILE = LocationWidget/Info.plist;
				INFOPLIST_KEY_CFBundleDisplayName = LocationWidget;
				INFOPLIST_KEY_NSHumanReadableCopyright = "";
				LD_RUNPATH_SEARCH_PATHS = (
					"$(inherited)",
					"@executable_path/Frameworks",
					"@executable_path/../../Frameworks",
				);
				MARKETING_VERSION = 1.0;
				PRODUCT_BUNDLE_IDENTIFIER = "com.example.Nano-3.LocationWidget";
				PRODUCT_NAME = "$(TARGET_NAME)";
				SKIP_INSTALL = YES;
				SWIFT_EMIT_LOC_STRINGS = YES;
				SWIFT_VERSION = 5.0;
				TARGETED_DEVICE_FAMILY = "1,2";
			};
			name = Release;
		};
/* End XCBuildConfiguration section */

/* Begin XCConfigurationList section */
		810E21B52AC2FFBA00E950E7 /* Build configuration list for PBXProject "Nano 3" */ = {
			isa = XCConfigurationList;
			buildConfigurations = (
				810E21C62AC2FFBB00E950E7 /* Debug */,
				810E21C72AC2FFBB00E950E7 /* Release */,
			);
			defaultConfigurationIsVisible = 0;
			defaultConfigurationName = Release;
		};
		810E21C82AC2FFBB00E950E7 /* Build configuration list for PBXNativeTarget "Nano 3" */ = {
			isa = XCConfigurationList;
			buildConfigurations = (
				810E21C92AC2FFBB00E950E7 /* Debug */,
				810E21CA2AC2FFBB00E950E7 /* Release */,
			);
			defaultConfigurationIsVisible = 0;
			defaultConfigurationName = Release;
		};
		814B88AE2ACA58AC002976A5 /* Build configuration list for PBXNativeTarget "LocationWidgetExtension" */ = {
			isa = XCConfigurationList;
			buildConfigurations = (
				814B88AC2ACA58AC002976A5 /* Debug */,
				814B88AD2ACA58AC002976A5 /* Release */,
			);
			defaultConfigurationIsVisible = 0;
			defaultConfigurationName = Release;
		};
/* End XCConfigurationList section */
	};
	rootObject = 810E21B22AC2FFBA00E950E7 /* Project object */;
}
